
Microsoft Visual Studio Solution File, Format Version 12.00
# Visual Studio 2012
Project("{FAE04EC0-301F-11D3-BF4B-00C04F79EFBC}") = "Finalisator", "Finalisator\Finalisator.csproj", "{ACE3987F-995C-478C-B710-BD26F6D9726B}"
EndProject
Global
	GlobalSection(SolutionConfigurationPlatforms) = preSolution
		Debug|Any CPU = Debug|Any CPU
		Release|Any CPU = Release|Any CPU
	EndGlobalSection
	GlobalSection(ProjectConfigurationPlatforms) = postSolution
		{ACE3987F-995C-478C-B710-BD26F6D9726B}.Debug|Any CPU.ActiveCfg = Debug|Any CPU
		{ACE3987F-995C-478C-B710-BD26F6D9726B}.Debug|Any CPU.Build.0 = Debug|Any CPU
		{ACE3987F-995C-478C-B710-BD26F6D9726B}.Release|Any CPU.ActiveCfg = Release|Any CPU
		{ACE3987F-995C-478C-B710-BD26F6D9726B}.Release|Any CPU.Build.0 = Release|Any CPU
	EndGlobalSection
	GlobalSection(SolutionProperties) = preSolution
		HideSolutionNode = FALSE
	EndGlobalSection
EndGlobal
