
Microsoft Visual Studio Solution File, Format Version 12.00
# Visual Studio 2012
Project("{FAE04EC0-301F-11D3-BF4B-00C04F79EFBC}") = "Factory", "Factory\Factory.csproj", "{A6B2FFC6-F477-45D3-A499-1E38FF8024DC}"
EndProject
Project("{FAE04EC0-301F-11D3-BF4B-00C04F79EFBC}") = "Product", "Product\Product.csproj", "{3495A82E-4005-4617-9467-D521B5EF7D57}"
EndProject
Global
	GlobalSection(SolutionConfigurationPlatforms) = preSolution
		Debug|Any CPU = Debug|Any CPU
		Release|Any CPU = Release|Any CPU
	EndGlobalSection
	GlobalSection(ProjectConfigurationPlatforms) = postSolution
		{A6B2FFC6-F477-45D3-A499-1E38FF8024DC}.Debug|Any CPU.ActiveCfg = Debug|Any CPU
		{A6B2FFC6-F477-45D3-A499-1E38FF8024DC}.Debug|Any CPU.Build.0 = Debug|Any CPU
		{A6B2FFC6-F477-45D3-A499-1E38FF8024DC}.Release|Any CPU.ActiveCfg = Release|Any CPU
		{A6B2FFC6-F477-45D3-A499-1E38FF8024DC}.Release|Any CPU.Build.0 = Release|Any CPU
		{3495A82E-4005-4617-9467-D521B5EF7D57}.Debug|Any CPU.ActiveCfg = Debug|Any CPU
		{3495A82E-4005-4617-9467-D521B5EF7D57}.Debug|Any CPU.Build.0 = Debug|Any CPU
		{3495A82E-4005-4617-9467-D521B5EF7D57}.Release|Any CPU.ActiveCfg = Release|Any CPU
		{3495A82E-4005-4617-9467-D521B5EF7D57}.Release|Any CPU.Build.0 = Release|Any CPU
	EndGlobalSection
	GlobalSection(SolutionProperties) = preSolution
		HideSolutionNode = FALSE
	EndGlobalSection
EndGlobal
