
Microsoft Visual Studio Solution File, Format Version 12.00
# Visual Studio 2012
Project("{FAE04EC0-301F-11D3-BF4B-00C04F79EFBC}") = "Builder", "Builder\Builder.csproj", "{CF5FAF1D-7D26-48F9-940E-72EDC3A712BD}"
EndProject
Global
	GlobalSection(SolutionConfigurationPlatforms) = preSolution
		Debug|Any CPU = Debug|Any CPU
		Release|Any CPU = Release|Any CPU
	EndGlobalSection
	GlobalSection(ProjectConfigurationPlatforms) = postSolution
		{CF5FAF1D-7D26-48F9-940E-72EDC3A712BD}.Debug|Any CPU.ActiveCfg = Debug|Any CPU
		{CF5FAF1D-7D26-48F9-940E-72EDC3A712BD}.Debug|Any CPU.Build.0 = Debug|Any CPU
		{CF5FAF1D-7D26-48F9-940E-72EDC3A712BD}.Release|Any CPU.ActiveCfg = Release|Any CPU
		{CF5FAF1D-7D26-48F9-940E-72EDC3A712BD}.Release|Any CPU.Build.0 = Release|Any CPU
	EndGlobalSection
	GlobalSection(SolutionProperties) = preSolution
		HideSolutionNode = FALSE
	EndGlobalSection
EndGlobal
